
Microsoft Visual Studio Solution File, Format Version 12.00
# Visual Studio 15
VisualStudioVersion = 15.0.28307.489
MinimumVisualStudioVersion = 10.0.40219.1
Project("{FAE04EC0-301F-11D3-BF4B-00C04F79EFBC}") = "Vidly", "Vidly\Vidly.csproj", "{D25577B5-FA61-43F8-A950-F85460BF0DEF}"
EndProject
Global
	GlobalSection(SolutionConfigurationPlatforms) = preSolution
		Debug|Any CPU = Debug|Any CPU
		Release|Any CPU = Release|Any CPU
	EndGlobalSection
	GlobalSection(ProjectConfigurationPlatforms) = postSolution
		{D25577B5-FA61-43F8-A950-F85460BF0DEF}.Debug|Any CPU.ActiveCfg = Debug|Any CPU
		{D25577B5-FA61-43F8-A950-F85460BF0DEF}.Debug|Any CPU.Build.0 = Debug|Any CPU
		{D25577B5-FA61-43F8-A950-F85460BF0DEF}.Release|Any CPU.ActiveCfg = Release|Any CPU
		{D25577B5-FA61-43F8-A950-F85460BF0DEF}.Release|Any CPU.Build.0 = Release|Any CPU
	EndGlobalSection
	GlobalSection(SolutionProperties) = preSolution
		HideSolutionNode = FALSE
	EndGlobalSection
	GlobalSection(ExtensibilityGlobals) = postSolution
		SolutionGuid = {00EF0147-033D-42CC-8BF1-F033A04A7A31}
	EndGlobalSection
EndGlobal
